
Microsoft Visual Studio Solution File, Format Version 12.00
# Visual Studio Version 17
VisualStudioVersion = 17.3.32922.545
MinimumVisualStudioVersion = 10.0.40219.1
Project("{FAE04EC0-301F-11D3-BF4B-00C04F79EFBC}") = "Homework-1", "Homework-1\Homework-1.csproj", "{E50802E4-4FC3-47E6-9CC3-D5EA4DB28F48}"
EndProject
Global
	GlobalSection(SolutionConfigurationPlatforms) = preSolution
		Debug|Any CPU = Debug|Any CPU
		Release|Any CPU = Release|Any CPU
	EndGlobalSection
	GlobalSection(ProjectConfigurationPlatforms) = postSolution
		{E50802E4-4FC3-47E6-9CC3-D5EA4DB28F48}.Debug|Any CPU.ActiveCfg = Debug|Any CPU
		{E50802E4-4FC3-47E6-9CC3-D5EA4DB28F48}.Debug|Any CPU.Build.0 = Debug|Any CPU
		{E50802E4-4FC3-47E6-9CC3-D5EA4DB28F48}.Release|Any CPU.ActiveCfg = Release|Any CPU
		{E50802E4-4FC3-47E6-9CC3-D5EA4DB28F48}.Release|Any CPU.Build.0 = Release|Any CPU
	EndGlobalSection
	GlobalSection(SolutionProperties) = preSolution
		HideSolutionNode = FALSE
	EndGlobalSection
	GlobalSection(ExtensibilityGlobals) = postSolution
		SolutionGuid = {43E7CC19-BFB7-411A-8A40-B0C2945D82BC}
	EndGlobalSection
EndGlobal
